// !$*UTF8*$!
{
	archiveVersion = 1;
	classes = {
	};
	objectVersion = 46;
	objects = {

/* Begin PBXBuildFile section */
		56B1A7CC1A8A4240008C5470 /* main.m in Sources */ = {isa = PBXBuildFile; fileRef = 56B1A7CB1A8A4240008C5470 /* main.m */; };
		56B1A7CF1A8A4240008C5470 /* AppDelegate.m in Sources */ = {isa = PBXBuildFile; fileRef = 56B1A7CE1A8A4240008C5470 /* AppDelegate.m */; };
		56B1A7D21A8A4240008C5470 /* ViewController.m in Sources */ = {isa = PBXBuildFile; fileRef = 56B1A7D11A8A4240008C5470 /* ViewController.m */; };
		56B1A7D51A8A4240008C5470 /* Main.storyboard in Resources */ = {isa = PBXBuildFile; fileRef = 56B1A7D31A8A4240008C5470 /* Main.storyboard */; };
		56B1A7D71A8A4240008C5470 /* Images.xcassets in Resources */ = {isa = PBXBuildFile; fileRef = 56B1A7D61A8A4240008C5470 /* Images.xcassets */; };
		56B1A7DA1A8A4240008C5470 /* LaunchScreen.xib in Resources */ = {isa = PBXBuildFile; fileRef = 56B1A7D81A8A4240008C5470 /* LaunchScreen.xib */; };
		B6AF40CC1B4FE7450060F1B8 /* HCSStarRatingView.framework in Frameworks */ = {isa = PBXBuildFile; fileRef = B6AF40C41B4FE7120060F1B8 /* HCSStarRatingView.framework */; };
		B6AF40CD1B4FE7450060F1B8 /* HCSStarRatingView.framework in Embed Frameworks */ = {isa = PBXBuildFile; fileRef = B6AF40C41B4FE7120060F1B8 /* HCSStarRatingView.framework */; settings = {ATTRIBUTES = (CodeSignOnCopy, RemoveHeadersOnCopy, ); }; };
/* End PBXBuildFile section */

/* Begin PBXContainerItemProxy section */
		B6AF40C31B4FE7120060F1B8 /* PBXContainerItemProxy */ = {
			isa = PBXContainerItemProxy;
			containerPortal = B6AF40BE1B4FE7120060F1B8 /* HCSStarRatingView.xcodeproj */;
			proxyType = 2;
			remoteGlobalIDString = B6AF40891B4FE3260060F1B8;
			remoteInfo = HCSStarRatingView;
		};
		B6AF40CE1B4FE7450060F1B8 /* PBXContainerItemProxy */ = {
			isa = PBXContainerItemProxy;
			containerPortal = B6AF40BE1B4FE7120060F1B8 /* HCSStarRatingView.xcodeproj */;
			proxyType = 1;
			remoteGlobalIDString = B6AF40881B4FE3260060F1B8;
			remoteInfo = HCSStarRatingView;
		};
/* End PBXContainerItemProxy section */

/* Begin PBXCopyFilesBuildPhase section */
		B6AF40D01B4FE7450060F1B8 /* Embed Frameworks */ = {
			isa = PBXCopyFilesBuildPhase;
			buildActionMask = 2147483647;
			dstPath = "";
			dstSubfolderSpec = 10;
			files = (
				B6AF40CD1B4FE7450060F1B8 /* HCSStarRatingView.framework in Embed Frameworks */,
			);
			name = "Embed Frameworks";
			runOnlyForDeploymentPostprocessing = 0;
		};
/* End PBXCopyFilesBuildPhase section */

/* Begin PBXFileReference section */
		56B1A7C61A8A4240008C5470 /* HCSStarRatingViewSample.app */ = {isa = PBXFileReference; explicitFileType = wrapper.application; includeInIndex = 0; path = HCSStarRatingViewSample.app; sourceTree = BUILT_PRODUCTS_DIR; };
		56B1A7CA1A8A4240008C5470 /* Info.plist */ = {isa = PBXFileReference; lastKnownFileType = text.plist.xml; path = Info.plist; sourceTree = "<group>"; };
		56B1A7CB1A8A4240008C5470 /* main.m */ = {isa = PBXFileReference; lastKnownFileType = sourcecode.c.objc; path = main.m; sourceTree = "<group>"; };
		56B1A7CD1A8A4240008C5470 /* AppDelegate.h */ = {isa = PBXFileReference; lastKnownFileType = sourcecode.c.h; path = AppDelegate.h; sourceTree = "<group>"; };
		56B1A7CE1A8A4240008C5470 /* AppDelegate.m */ = {isa = PBXFileReference; lastKnownFileType = sourcecode.c.objc; path = AppDelegate.m; sourceTree = "<group>"; };
		56B1A7D01A8A4240008C5470 /* ViewController.h */ = {isa = PBXFileReference; lastKnownFileType = sourcecode.c.h; path = ViewController.h; sourceTree = "<group>"; };
		56B1A7D11A8A4240008C5470 /* ViewController.m */ = {isa = PBXFileReference; lastKnownFileType = sourcecode.c.objc; path = ViewController.m; sourceTree = "<group>"; };
		56B1A7D41A8A4240008C5470 /* Base */ = {isa = PBXFileReference; lastKnownFileType = file.storyboard; name = Base; path = Base.lproj/Main.storyboard; sourceTree = "<group>"; };
		56B1A7D61A8A4240008C5470 /* Images.xcassets */ = {isa = PBXFileReference; lastKnownFileType = folder.assetcatalog; path = Images.xcassets; sourceTree = "<group>"; };
		56B1A7D91A8A4240008C5470 /* Base */ = {isa = PBXFileReference; lastKnownFileType = file.xib; name = Base; path = Base.lproj/LaunchScreen.xib; sourceTree = "<group>"; };
		B6AF40BE1B4FE7120060F1B8 /* HCSStarRatingView.xcodeproj */ = {isa = PBXFileReference; lastKnownFileType = "wrapper.pb-project"; name = HCSStarRatingView.xcodeproj; path = ../HCSStarRatingView.xcodeproj; sourceTree = "<group>"; };
/* End PBXFileReference section */

/* Begin PBXFrameworksBuildPhase section */
		56B1A7C31A8A4240008C5470 /* Frameworks */ = {
			isa = PBXFrameworksBuildPhase;
			buildActionMask = 2147483647;
			files = (
				B6AF40CC1B4FE7450060F1B8 /* HCSStarRatingView.framework in Frameworks */,
			);
			runOnlyForDeploymentPostprocessing = 0;
		};
/* End PBXFrameworksBuildPhase section */

/* Begin PBXGroup section */
		56B1A7BD1A8A4240008C5470 = {
			isa = PBXGroup;
			children = (
				56B1A7C81A8A4240008C5470 /* HCSStarRatingViewSample */,
				56B1A7C71A8A4240008C5470 /* Products */,
				B6AF40BE1B4FE7120060F1B8 /* HCSStarRatingView.xcodeproj */,
			);
			sourceTree = "<group>";
		};
		56B1A7C71A8A4240008C5470 /* Products */ = {
			isa = PBXGroup;
			children = (
				56B1A7C61A8A4240008C5470 /* HCSStarRatingViewSample.app */,
			);
			name = Products;
			sourceTree = "<group>";
		};
		56B1A7C81A8A4240008C5470 /* HCSStarRatingViewSample */ = {
			isa = PBXGroup;
			children = (
				56B1A7CD1A8A4240008C5470 /* AppDelegate.h */,
				56B1A7CE1A8A4240008C5470 /* AppDelegate.m */,
				56B1A7D01A8A4240008C5470 /* ViewController.h */,
				56B1A7D11A8A4240008C5470 /* ViewController.m */,
				56B1A7D31A8A4240008C5470 /* Main.storyboard */,
				56B1A7D61A8A4240008C5470 /* Images.xcassets */,
				56B1A7D81A8A4240008C5470 /* LaunchScreen.xib */,
				56B1A7C91A8A4240008C5470 /* Supporting Files */,
			);
			path = HCSStarRatingViewSample;
			sourceTree = "<group>";
		};
		56B1A7C91A8A4240008C5470 /* Supporting Files */ = {
			isa = PBXGroup;
			children = (
				56B1A7CA1A8A4240008C5470 /* Info.plist */,
				56B1A7CB1A8A4240008C5470 /* main.m */,
			);
			name = "Supporting Files";
			sourceTree = "<group>";
		};
		B6AF40BF1B4FE7120060F1B8 /* Products */ = {
			isa = PBXGroup;
			children = (
				B6AF40C41B4FE7120060F1B8 /* HCSStarRatingView.framework */,
			);
			name = Products;
			sourceTree = "<group>";
		};
/* End PBXGroup section */

/* Begin PBXNativeTarget section */
		56B1A7C51A8A4240008C5470 /* HCSStarRatingViewSample */ = {
			isa = PBXNativeTarget;
			buildConfigurationList = 56B1A7E91A8A4241008C5470 /* Build configuration list for PBXNativeTarget "HCSStarRatingViewSample" */;
			buildPhases = (
				56B1A7C21A8A4240008C5470 /* Sources */,
				56B1A7C31A8A4240008C5470 /* Frameworks */,
				56B1A7C41A8A4240008C5470 /* Resources */,
				B6AF40D01B4FE7450060F1B8 /* Embed Frameworks */,
			);
			buildRules = (
			);
			dependencies = (
				B6AF40CF1B4FE7450060F1B8 /* PBXTargetDependency */,
			);
			name = HCSStarRatingViewSample;
			productName = HCSStarRatingViewSample;
			productReference = 56B1A7C61A8A4240008C5470 /* HCSStarRatingViewSample.app */;
			productType = "com.apple.product-type.application";
		};
/* End PBXNativeTarget section */

/* Begin PBXProject section */
		56B1A7BE1A8A4240008C5470 /* Project object */ = {
			isa = PBXProject;
			attributes = {
				LastUpgradeCheck = 0610;
				ORGANIZATIONNAME = "Hugo Sousa";
				TargetAttributes = {
					56B1A7C51A8A4240008C5470 = {
						CreatedOnToolsVersion = 6.1.1;
					};
				};
			};
			buildConfigurationList = 56B1A7C11A8A4240008C5470 /* Build configuration list for PBXProject "HCSStarRatingViewSample" */;
			compatibilityVersion = "Xcode 3.2";
			developmentRegion = English;
			hasScannedForEncodings = 0;
			knownRegions = (
				en,
				Base,
			);
			mainGroup = 56B1A7BD1A8A4240008C5470;
			productRefGroup = 56B1A7C71A8A4240008C5470 /* Products */;
			projectDirPath = "";
			projectReferences = (
				{
					ProductGroup = B6AF40BF1B4FE7120060F1B8 /* Products */;
					ProjectRef = B6AF40BE1B4FE7120060F1B8 /* HCSStarRatingView.xcodeproj */;
				},
			);
			projectRoot = "";
			targets = (
				56B1A7C51A8A4240008C5470 /* HCSStarRatingViewSample */,
			);
		};
/* End PBXProject section */

/* Begin PBXReferenceProxy section */
		B6AF40C41B4FE7120060F1B8 /* HCSStarRatingView.framework */ = {
			isa = PBXReferenceProxy;
			fileType = wrapper.framework;
			path = HCSStarRatingView.framework;
			remoteRef = B6AF40C31B4FE7120060F1B8 /* PBXContainerItemProxy */;
			sourceTree = BUILT_PRODUCTS_DIR;
		};
/* End PBXReferenceProxy section */

/* Begin PBXResourcesBuildPhase section */
		56B1A7C41A8A4240008C5470 /* Resources */ = {
			isa = PBXResourcesBuildPhase;
			buildActionMask = 2147483647;
			files = (
				56B1A7D51A8A4240008C5470 /* Main.storyboard in Resources */,
				56B1A7DA1A8A4240008C5470 /* LaunchScreen.xib in Resources */,
				56B1A7D71A8A4240008C5470 /* Images.xcassets in Resources */,
			);
			runOnlyForDeploymentPostprocessing = 0;
		};
/* End PBXResourcesBuildPhase section */

/* Begin PBXSourcesBuildPhase section */
		56B1A7C21A8A4240008C5470 /* Sources */ = {
			isa = PBXSourcesBuildPhase;
			buildActionMask = 2147483647;
			files = (
				56B1A7D21A8A4240008C5470 /* ViewController.m in Sources */,
				56B1A7CF1A8A4240008C5470 /* AppDelegate.m in Sources */,
				56B1A7CC1A8A4240008C5470 /* main.m in Sources */,
			);
			runOnlyForDeploymentPostprocessing = 0;
		};
/* End PBXSourcesBuildPhase section */

/* Begin PBXTargetDependency section */
		B6AF40CF1B4FE7450060F1B8 /* PBXTargetDependency */ = {
			isa = PBXTargetDependency;
			name = HCSStarRatingView;
			targetProxy = B6AF40CE1B4FE7450060F1B8 /* PBXContainerItemProxy */;
		};
/* End PBXTargetDependency section */

/* Begin PBXVariantGroup section */
		56B1A7D31A8A4240008C5470 /* Main.storyboard */ = {
			isa = PBXVariantGroup;
			children = (
				56B1A7D41A8A4240008C5470 /* Base */,
			);
			name = Main.storyboard;
			sourceTree = "<group>";
		};
		56B1A7D81A8A4240008C5470 /* LaunchScreen.xib */ = {
			isa = PBXVariantGroup;
			children = (
				56B1A7D91A8A4240008C5470 /* Base */,
			);
			name = LaunchScreen.xib;
			sourceTree = "<group>";
		};
/* End PBXVariantGroup section */

/* Begin XCBuildConfiguration section */
		56B1A7E71A8A4241008C5470 /* Debug */ = {
			isa = XCBuildConfiguration;
			buildSettings = {
				ALWAYS_SEARCH_USER_PATHS = NO;
				CLANG_CXX_LANGUAGE_STANDARD = "gnu++0x";
				CLANG_CXX_LIBRARY = "libc++";
				CLANG_ENABLE_MODULES = YES;
				CLANG_ENABLE_OBJC_ARC = YES;
				CLANG_WARN_BOOL_CONVERSION = YES;
				CLANG_WARN_CONSTANT_CONVERSION = YES;
				CLANG_WARN_DIRECT_OBJC_ISA_USAGE = YES_ERROR;
				CLANG_WARN_EMPTY_BODY = YES;
				CLANG_WARN_ENUM_CONVERSION = YES;
				CLANG_WARN_INT_CONVERSION = YES;
				CLANG_WARN_OBJC_ROOT_CLASS = YES_ERROR;
				CLANG_WARN_UNREACHABLE_CODE = YES;
				CLANG_WARN__DUPLICATE_METHOD_MATCH = YES;
				"CODE_SIGN_IDENTITY[sdk=iphoneos*]" = "iPhone Developer";
				COPY_PHASE_STRIP = NO;
				ENABLE_STRICT_OBJC_MSGSEND = YES;
				GCC_C_LANGUAGE_STANDARD = gnu99;
				GCC_DYNAMIC_NO_PIC = NO;
				GCC_OPTIMIZATION_LEVEL = 0;
				GCC_PREPROCESSOR_DEFINITIONS = (
					"DEBUG=1",
					"$(inherited)",
				);
				GCC_SYMBOLS_PRIVATE_EXTERN = NO;
				GCC_WARN_64_TO_32_BIT_CONVERSION = YES;
				GCC_WARN_ABOUT_RETURN_TYPE = YES_ERROR;
				GCC_WARN_UNDECLARED_SELECTOR = YES;
				GCC_WARN_UNINITIALIZED_AUTOS = YES_AGGRESSIVE;
				GCC_WARN_UNUSED_FUNCTION = YES;
				GCC_WARN_UNUSED_VARIABLE = YES;
				IPHONEOS_DEPLOYMENT_TARGET = 8.1;
				MTL_ENABLE_DEBUG_INFO = YES;
				ONLY_ACTIVE_ARCH = YES;
				SDKROOT = iphoneos;
			};
			name = Debug;
		};
		56B1A7E81A8A4241008C5470 /* Release */ = {
			isa = XCBuildConfiguration;
			buildSettings = {
				ALWAYS_SEARCH_USER_PATHS = NO;
				CLANG_CXX_LANGUAGE_STANDARD = "gnu++0x";
				CLANG_CXX_LIBRARY = "libc++";
				CLANG_ENABLE_MODULES = YES;
				CLANG_ENABLE_OBJC_ARC = YES;
				CLANG_WARN_BOOL_CONVERSION = YES;
				CLANG_WARN_CONSTANT_CONVERSION = YES;
				CLANG_WARN_DIRECT_OBJC_ISA_USAGE = YES_ERROR;
				CLANG_WARN_EMPTY_BODY = YES;
				CLANG_WARN_ENUM_CONVERSION = YES;
				CLANG_WARN_INT_CONVERSION = YES;
				CLANG_WARN_OBJC_ROOT_CLASS = YES_ERROR;
				CLANG_WARN_UNREACHABLE_CODE = YES;
				CLANG_WARN__DUPLICATE_METHOD_MATCH = YES;
				"CODE_SIGN_IDENTITY[sdk=iphoneos*]" = "iPhone Developer";
				COPY_PHASE_STRIP = YES;
				ENABLE_NS_ASSERTIONS = NO;
				ENABLE_STRICT_OBJC_MSGSEND = YES;
				GCC_C_LANGUAGE_STANDARD = gnu99;
				GCC_WARN_64_TO_32_BIT_CONVERSION = YES;
				GCC_WARN_ABOUT_RETURN_TYPE = YES_ERROR;
				GCC_WARN_UNDECLARED_SELECTOR = YES;
				GCC_WARN_UNINITIALIZED_AUTOS = YES_AGGRESSIVE;
				GCC_WARN_UNUSED_FUNCTION = YES;
				GCC_WARN_UNUSED_VARIABLE = YES;
				IPHONEOS_DEPLOYMENT_TARGET = 8.1;
				MTL_ENABLE_DEBUG_INFO = NO;
				SDKROOT = iphoneos;
				VALIDATE_PRODUCT = YES;
			};
			name = Release;
		};
		56B1A7EA1A8A4241008C5470 /* Debug */ = {
			isa = XCBuildConfiguration;
			buildSettings = {
				ASSETCATALOG_COMPILER_APPICON_NAME = AppIcon;
				FRAMEWORK_SEARCH_PATHS = (
					"$(inherited)",
					"$(USER_LIBRARY_DIR)/Developer/Xcode/DerivedData/HCSStarRatingViewSample-ejkjubavkfbjqpgdhbakhyojojhb/Build/Products/Debug-iphoneos",
				);
				INFOPLIST_FILE = HCSStarRatingViewSample/Info.plist;
				LD_RUNPATH_SEARCH_PATHS = "$(inherited) @executable_path/Frameworks";
				PRODUCT_NAME = "$(TARGET_NAME)";
			};
			name = Debug;
		};
		56B1A7EB1A8A4241008C5470 /* Release */ = {
			isa = XCBuildConfiguration;
			buildSettings = {
				ASSETCATALOG_COMPILER_APPICON_NAME = AppIcon;
				FRAMEWORK_SEARCH_PATHS = (
					"$(inherited)",
					"$(USER_LIBRARY_DIR)/Developer/Xcode/DerivedData/HCSStarRatingViewSample-ejkjubavkfbjqpgdhbakhyojojhb/Build/Products/Debug-iphoneos",
				);
				INFOPLIST_FILE = HCSStarRatingViewSample/Info.plist;
				LD_RUNPATH_SEARCH_PATHS = "$(inherited) @executable_path/Frameworks";
				PRODUCT_NAME = "$(TARGET_NAME)";
			};
			name = Release;
		};
/* End XCBuildConfiguration section */

/* Begin XCConfigurationList section */
		56B1A7C11A8A4240008C5470 /* Build configuration list for PBXProject "HCSStarRatingViewSample" */ = {
			isa = XCConfigurationList;
			buildConfigurations = (
				56B1A7E71A8A4241008C5470 /* Debug */,
				56B1A7E81A8A4241008C5470 /* Release */,
			);
			defaultConfigurationIsVisible = 0;
			defaultConfigurationName = Release;
		};
		56B1A7E91A8A4241008C5470 /* Build configuration list for PBXNativeTarget "HCSStarRatingViewSample" */ = {
			isa = XCConfigurationList;
			buildConfigurations = (
				56B1A7EA1A8A4241008C5470 /* Debug */,
				56B1A7EB1A8A4241008C5470 /* Release */,
			);
			defaultConfigurationIsVisible = 0;
			defaultConfigurationName = Release;
		};
/* End XCConfigurationList section */
	};
	rootObject = 56B1A7BE1A8A4240008C5470 /* Project object */;
}
